
Microsoft Visual Studio Solution File, Format Version 12.00
# Visual Studio Version 17
VisualStudioVersion = 17.14.37502.11 d17.14
MinimumVisualStudioVersion = 10.0.40219.1
Project("{FAE04EC0-301F-11D3-BF4B-00C04F79EFBC}") = "BudgetTracker", "BudgetTracker\BudgetTracker.csproj", "{48872243-B62B-43C4-89D0-576519992DE5}"
EndProject
Global
	GlobalSection(SolutionConfigurationPlatforms) = preSolution
		Debug|Any CPU = Debug|Any CPU
		Release|Any CPU = Release|Any CPU
	EndGlobalSection
	GlobalSection(ProjectConfigurationPlatforms) = postSolution
		{48872243-B62B-43C4-89D0-576519992DE5}.Debug|Any CPU.ActiveCfg = Debug|Any CPU
		{48872243-B62B-43C4-89D0-576519992DE5}.Debug|Any CPU.Build.0 = Debug|Any CPU
		{48872243-B62B-43C4-89D0-576519992DE5}.Release|Any CPU.ActiveCfg = Release|Any CPU
		{48872243-B62B-43C4-89D0-576519992DE5}.Release|Any CPU.Build.0 = Release|Any CPU
	EndGlobalSection
	GlobalSection(SolutionProperties) = preSolution
		HideSolutionNode = FALSE
	EndGlobalSection
	GlobalSection(ExtensibilityGlobals) = postSolution
		SolutionGuid = {405A821C-B527-448E-BB11-9F8512EE5981}
	EndGlobalSection
EndGlobal
