
Microsoft Visual Studio Solution File, Format Version 12.00
# Visual Studio Version 17
VisualStudioVersion = 17.14.37502.11 d17.14
MinimumVisualStudioVersion = 10.0.40219.1
Project("{FAE04EC0-301F-11D3-BF4B-00C04F79EFBC}") = "GameLauncher.ManifestGenerator", "GameLauncher.ManifestGenerator\GameLauncher.ManifestGenerator.csproj", "{CCACFAA6-ADB1-4201-A085-2F6B8D09FFDD}"
EndProject
Global
	GlobalSection(SolutionConfigurationPlatforms) = preSolution
		Debug|Any CPU = Debug|Any CPU
		Release|Any CPU = Release|Any CPU
	EndGlobalSection
	GlobalSection(ProjectConfigurationPlatforms) = postSolution
		{CCACFAA6-ADB1-4201-A085-2F6B8D09FFDD}.Debug|Any CPU.ActiveCfg = Debug|Any CPU
		{CCACFAA6-ADB1-4201-A085-2F6B8D09FFDD}.Debug|Any CPU.Build.0 = Debug|Any CPU
		{CCACFAA6-ADB1-4201-A085-2F6B8D09FFDD}.Release|Any CPU.ActiveCfg = Release|Any CPU
		{CCACFAA6-ADB1-4201-A085-2F6B8D09FFDD}.Release|Any CPU.Build.0 = Release|Any CPU
	EndGlobalSection
	GlobalSection(SolutionProperties) = preSolution
		HideSolutionNode = FALSE
	EndGlobalSection
	GlobalSection(ExtensibilityGlobals) = postSolution
		SolutionGuid = {8524B18D-78F7-47F5-8838-9E4462ED175A}
	EndGlobalSection
EndGlobal
