
Microsoft Visual Studio Solution File, Format Version 12.00
# Visual Studio Version 17
VisualStudioVersion = 17.14.37502.11 d17.14
MinimumVisualStudioVersion = 10.0.40219.1
Project("{FAE04EC0-301F-11D3-BF4B-00C04F79EFBC}") = "RealtimeChat.Server", "RealtimeChat.Server\RealtimeChat.Server.csproj", "{7C8639A8-93F4-4BEF-B8A6-83FDF043AD52}"
EndProject
Project("{FAE04EC0-301F-11D3-BF4B-00C04F79EFBC}") = "RealtimeChat.Web", "RealtimeChat.Web\RealtimeChat.Web.csproj", "{A6E682B3-A192-4C6B-986B-B148C574D7BF}"
EndProject
Global
	GlobalSection(SolutionConfigurationPlatforms) = preSolution
		Debug|Any CPU = Debug|Any CPU
		Release|Any CPU = Release|Any CPU
	EndGlobalSection
	GlobalSection(ProjectConfigurationPlatforms) = postSolution
		{7C8639A8-93F4-4BEF-B8A6-83FDF043AD52}.Debug|Any CPU.ActiveCfg = Debug|Any CPU
		{7C8639A8-93F4-4BEF-B8A6-83FDF043AD52}.Debug|Any CPU.Build.0 = Debug|Any CPU
		{7C8639A8-93F4-4BEF-B8A6-83FDF043AD52}.Release|Any CPU.ActiveCfg = Release|Any CPU
		{7C8639A8-93F4-4BEF-B8A6-83FDF043AD52}.Release|Any CPU.Build.0 = Release|Any CPU
		{A6E682B3-A192-4C6B-986B-B148C574D7BF}.Debug|Any CPU.ActiveCfg = Debug|Any CPU
		{A6E682B3-A192-4C6B-986B-B148C574D7BF}.Debug|Any CPU.Build.0 = Debug|Any CPU
		{A6E682B3-A192-4C6B-986B-B148C574D7BF}.Release|Any CPU.ActiveCfg = Release|Any CPU
		{A6E682B3-A192-4C6B-986B-B148C574D7BF}.Release|Any CPU.Build.0 = Release|Any CPU
	EndGlobalSection
	GlobalSection(SolutionProperties) = preSolution
		HideSolutionNode = FALSE
	EndGlobalSection
	GlobalSection(ExtensibilityGlobals) = postSolution
		SolutionGuid = {4B6B1163-E065-4DBF-BE58-BFEC9FAFB163}
	EndGlobalSection
EndGlobal
